{
  "nodes": {
    "berberman": {
      "inputs": {
        "nixpkgs": [
          "sauricat",
          "nixpkgs"
        ],
        "nvfetcher": "nvfetcher"
      },
      "locked": {
        "lastModified": 1672447807,
        "narHash": "sha256-TqRxBw9kAgoey/TX7mHMb17U4wshcUXK+6pp7iMyyno=",
        "owner": "berberman",
        "repo": "flakes",
        "rev": "ac772078d134ec9bc58131820978c7534eaeeb54",
        "type": "github"
      },
      "original": {
        "owner": "berberman",
        "repo": "flakes",
        "type": "github"
      }
    },
    "ci-agent": {
      "inputs": {
        "flake-compat": "flake-compat_2",
        "nixos-20_09": "nixos-20_09",
        "nixos-unstable": "nixos-unstable",
        "pre-commit-hooks-nix": "pre-commit-hooks-nix"
      },
      "locked": {
        "lastModified": 1610978656,
        "narHash": "sha256-9GKLu24KSurJEsvQlIB+mUmHWRn9y5XiYDXjCs7vWAw=",
        "owner": "hercules-ci",
        "repo": "hercules-ci-agent",
        "rev": "42e702d5865b7b7eb6ee5b743bcda7562f95e82e",
        "type": "github"
      },
      "original": {
        "owner": "hercules-ci",
        "repo": "hercules-ci-agent",
        "type": "github"
      }
    },
    "darwin": {
      "inputs": {
        "nixpkgs": [
          "nixpkgs"
        ]
      },
      "locked": {
        "lastModified": 1673295039,
        "narHash": "sha256-AsdYgE8/GPwcelGgrntlijMg4t3hLFJFCRF3tL5WVjA=",
        "owner": "LnL7",
        "repo": "nix-darwin",
        "rev": "87b9d090ad39b25b2400029c64825fc2a8868943",
        "type": "github"
      },
      "original": {
        "owner": "LnL7",
        "repo": "nix-darwin",
        "type": "github"
      }
    },
    "deploy-rs": {
      "inputs": {
        "flake-compat": "flake-compat",
        "nixpkgs": "nixpkgs",
        "utils": "utils"
      },
      "locked": {
        "lastModified": 1674127017,
        "narHash": "sha256-QO1xF7stu5ZMDLbHN30LFolMAwY6TVlzYvQoUs1RD68=",
        "owner": "serokell",
        "repo": "deploy-rs",
        "rev": "8c9ea9605eed20528bf60fae35a2b613b901fd77",
        "type": "github"
      },
      "original": {
        "owner": "serokell",
        "repo": "deploy-rs",
        "type": "github"
      }
    },
    "devshell": {
      "locked": {
        "lastModified": 1611764683,
        "narHash": "sha256-RETUhdtMma4yBWzJECs2gCZmLlsyqyoXA/dUon3Hxic=",
        "owner": "numtide",
        "repo": "devshell",
        "rev": "21f3cc1433ec257cc9b85c91e471d54f7f74f646",
        "type": "github"
      },
      "original": {
        "owner": "numtide",
        "repo": "devshell",
        "type": "github"
      }
    },
    "emacs-overlay": {
      "inputs": {
        "flake-utils": [
          "sauricat",
          "flake-utils"
        ],
        "nixpkgs": [
          "sauricat",
          "nixpkgs"
        ]
      },
      "locked": {
        "lastModified": 1673630223,
        "narHash": "sha256-0ZmQaImsdtJ8KKIuV0BuxM85nKE7FtagrV3ACuuf4k4=",
        "owner": "nix-community",
        "repo": "emacs-overlay",
        "rev": "b14ac8cc285517482b2fd8e20db355a3980f59f0",
        "type": "github"
      },
      "original": {
        "owner": "nix-community",
        "repo": "emacs-overlay",
        "type": "github"
      }
    },
    "epkgs-exwm-ns": {
      "flake": false,
      "locked": {
        "lastModified": 1604918985,
        "narHash": "sha256-QZCEcpqWZgjppp/P48+DtC4XoR/4UAlXXxJA5FYLoLI=",
        "owner": "timor",
        "repo": "exwm-ns",
        "rev": "0230bb989d5c4c2d5474c35ba77882b65dc19bd9",
        "type": "github"
      },
      "original": {
        "owner": "timor",
        "repo": "exwm-ns",
        "type": "github"
      }
    },
    "epkgs-ligature": {
      "flake": false,
      "locked": {
        "lastModified": 1667477036,
        "narHash": "sha256-jaSu5MUvJyqjfzFlUop4DQ31qVHE1RzdtvAGj24V3eY=",
        "owner": "mickeynp",
        "repo": "ligature.el",
        "rev": "3d1460470736777fd8329e4bb4ac359bf4f1460a",
        "type": "github"
      },
      "original": {
        "owner": "mickeynp",
        "repo": "ligature.el",
        "type": "github"
      }
    },
    "epkgs-toggle-one-window": {
      "flake": false,
      "locked": {
        "lastModified": 1635755644,
        "narHash": "sha256-lSPe7hZ05PZj3Yk6yPYhXTyd5bezhvGuq3Vhnf5mHvk=",
        "owner": "manateelazycat",
        "repo": "toggle-one-window",
        "rev": "8ca741ca6be97c6049043aec6cec2e2bfbca5d19",
        "type": "github"
      },
      "original": {
        "owner": "manateelazycat",
        "repo": "toggle-one-window",
        "type": "github"
      }
    },
    "flake-compat": {
      "flake": false,
      "locked": {
        "lastModified": 1668681692,
        "narHash": "sha256-Ht91NGdewz8IQLtWZ9LCeNXMSXHUss+9COoqu6JLmXU=",
        "owner": "edolstra",
        "repo": "flake-compat",
        "rev": "009399224d5e398d03b22badca40a37ac85412a1",
        "type": "github"
      },
      "original": {
        "owner": "edolstra",
        "repo": "flake-compat",
        "type": "github"
      }
    },
    "flake-compat_2": {
      "flake": false,
      "locked": {
        "lastModified": 1603796912,
        "narHash": "sha256-6ayqpH/4XiEXylNdWI3AghubqS6XuiPg3Y60jY8RTo4=",
        "owner": "edolstra",
        "repo": "flake-compat",
        "rev": "19576c2aea7f074ff0da818b21a8b0950ff6ec86",
        "type": "github"
      },
      "original": {
        "owner": "edolstra",
        "repo": "flake-compat",
        "type": "github"
      }
    },
    "flake-compat_3": {
      "flake": false,
      "locked": {
        "lastModified": 1650374568,
        "narHash": "sha256-Z+s0J8/r907g149rllvwhb4pKi8Wam5ij0st8PwAh+E=",
        "owner": "edolstra",
        "repo": "flake-compat",
        "rev": "b4a34015c698c7793d592d66adbab377907a2be8",
        "type": "github"
      },
      "original": {
        "owner": "edolstra",
        "repo": "flake-compat",
        "type": "github"
      }
    },
    "flake-compat_4": {
      "flake": false,
      "locked": {
        "lastModified": 1668681692,
        "narHash": "sha256-Ht91NGdewz8IQLtWZ9LCeNXMSXHUss+9COoqu6JLmXU=",
        "owner": "edolstra",
        "repo": "flake-compat",
        "rev": "009399224d5e398d03b22badca40a37ac85412a1",
        "type": "github"
      },
      "original": {
        "owner": "edolstra",
        "repo": "flake-compat",
        "type": "github"
      }
    },
    "flake-utils": {
      "locked": {
        "lastModified": 1608663846,
        "narHash": "sha256-YOAXeoNLW0IubQ6AZLGuSj5kAD5n4DYXLYReLtyds1A=",
        "owner": "numtide",
        "repo": "flake-utils",
        "rev": "a68df93a37cd5137ac22ffeb2d8a03acf253cc24",
        "type": "github"
      },
      "original": {
        "owner": "numtide",
        "ref": "flatten-tree-system",
        "repo": "flake-utils",
        "type": "github"
      }
    },
    "flake-utils_2": {
      "locked": {
        "lastModified": 1667395993,
        "narHash": "sha256-nuEHfE/LcWyuSWnS8t12N1wc105Qtau+/OdUAjtQ0rA=",
        "owner": "numtide",
        "repo": "flake-utils",
        "rev": "5aed5285a952e0b949eb3ba02c12fa4fcfef535f",
        "type": "github"
      },
      "original": {
        "owner": "numtide",
        "repo": "flake-utils",
        "type": "github"
      }
    },
    "flake-utils_3": {
      "locked": {
        "lastModified": 1667395993,
        "narHash": "sha256-nuEHfE/LcWyuSWnS8t12N1wc105Qtau+/OdUAjtQ0rA=",
        "owner": "numtide",
        "repo": "flake-utils",
        "rev": "5aed5285a952e0b949eb3ba02c12fa4fcfef535f",
        "type": "github"
      },
      "original": {
        "owner": "numtide",
        "repo": "flake-utils",
        "type": "github"
      }
    },
    "flake-utils_4": {
      "locked": {
        "lastModified": 1659877975,
        "narHash": "sha256-zllb8aq3YO3h8B/U0/J1WBgAL8EX5yWf5pMj3G0NAmc=",
        "owner": "numtide",
        "repo": "flake-utils",
        "rev": "c0e246b9b83f637f4681389ecabcb2681b4f3af0",
        "type": "github"
      },
      "original": {
        "owner": "numtide",
        "repo": "flake-utils",
        "type": "github"
      }
    },
    "flake-utils_5": {
      "locked": {
        "lastModified": 1653893745,
        "narHash": "sha256-0jntwV3Z8//YwuOjzhV2sgJJPt+HY6KhU7VZUL0fKZQ=",
        "owner": "numtide",
        "repo": "flake-utils",
        "rev": "1ed9fb1935d260de5fe1c2f7ee0ebaae17ed2fa1",
        "type": "github"
      },
      "original": {
        "owner": "numtide",
        "repo": "flake-utils",
        "type": "github"
      }
    },
    "flake-utils_6": {
      "locked": {
        "lastModified": 1667077288,
        "narHash": "sha256-bdC8sFNDpT0HK74u9fUkpbf1MEzVYJ+ka7NXCdgBoaA=",
        "owner": "numtide",
        "repo": "flake-utils",
        "rev": "6ee9ebb6b1ee695d2cacc4faa053a7b9baa76817",
        "type": "github"
      },
      "original": {
        "owner": "numtide",
        "repo": "flake-utils",
        "type": "github"
      }
    },
    "flake-utils_7": {
      "locked": {
        "lastModified": 1667395993,
        "narHash": "sha256-nuEHfE/LcWyuSWnS8t12N1wc105Qtau+/OdUAjtQ0rA=",
        "owner": "numtide",
        "repo": "flake-utils",
        "rev": "5aed5285a952e0b949eb3ba02c12fa4fcfef535f",
        "type": "github"
      },
      "original": {
        "owner": "numtide",
        "repo": "flake-utils",
        "type": "github"
      }
    },
    "flake-utils_8": {
      "locked": {
        "lastModified": 1659877975,
        "narHash": "sha256-zllb8aq3YO3h8B/U0/J1WBgAL8EX5yWf5pMj3G0NAmc=",
        "owner": "numtide",
        "repo": "flake-utils",
        "rev": "c0e246b9b83f637f4681389ecabcb2681b4f3af0",
        "type": "github"
      },
      "original": {
        "owner": "numtide",
        "repo": "flake-utils",
        "type": "github"
      }
    },
    "hercules-ci": {
      "inputs": {
        "ci-agent": "ci-agent",
        "devshell": "devshell",
        "flake-utils": "flake-utils",
        "home": "home",
        "master": "master",
        "nixos": [
          "nixpkgs"
        ],
        "nixos-hardware": "nixos-hardware",
        "nur": "nur"
      },
      "locked": {
        "lastModified": 1612252926,
        "narHash": "sha256-E/0fuXHcyadHW5Hyntl+FC4YhdRYYLfuthrUp8+JRDQ=",
        "owner": "hercules-ci",
        "repo": "nixflk",
        "rev": "1c5a86026be777de78eadd9903267f0093262af2",
        "type": "github"
      },
      "original": {
        "owner": "hercules-ci",
        "repo": "nixflk",
        "type": "github"
      }
    },
    "home": {
      "inputs": {
        "nixpkgs": "nixpkgs_2"
      },
      "locked": {
        "lastModified": 1604441492,
        "narHash": "sha256-Wo7WqdwNQnWHmhyZuhVLrAEpCuZl88cA9ttxkiCTekY=",
        "owner": "nix-community",
        "repo": "home-manager",
        "rev": "63f299b3347aea183fc5088e4d6c4a193b334a41",
        "type": "github"
      },
      "original": {
        "owner": "nix-community",
        "ref": "release-20.09",
        "repo": "home-manager",
        "type": "github"
      }
    },
    "home-manager": {
      "inputs": {
        "nixpkgs": [
          "nixpkgs"
        ],
        "utils": "utils_2"
      },
      "locked": {
        "lastModified": 1674771519,
        "narHash": "sha256-U0W3S1nX6yEvLh3Vq70EORbmXecAKXfmEfCfaA4A+I8=",
        "owner": "nix-community",
        "repo": "home-manager",
        "rev": "bb4b25b302dbf0f527f190461b080b5262871756",
        "type": "github"
      },
      "original": {
        "owner": "nix-community",
        "repo": "home-manager",
        "type": "github"
      }
    },
    "home-manager_2": {
      "inputs": {
        "nixpkgs": [
          "sauricat",
          "nixpkgs"
        ],
        "utils": [
          "sauricat",
          "flake-utils"
        ]
      },
      "locked": {
        "lastModified": 1673343300,
        "narHash": "sha256-5Xdj6kpXYMie0MlnGwqK5FaMdsedxvyuakWtyKB3zaQ=",
        "owner": "nix-community",
        "repo": "home-manager",
        "rev": "176e455371a8371586e8a3ff0d56ee9f3ca2324e",
        "type": "github"
      },
      "original": {
        "owner": "nix-community",
        "repo": "home-manager",
        "type": "github"
      }
    },
    "lsp-nil": {
      "inputs": {
        "flake-utils": [
          "sauricat",
          "flake-utils"
        ],
        "nixpkgs": [
          "sauricat",
          "nixpkgs"
        ],
        "rust-overlay": [
          "sauricat",
          "rust-overlay"
        ]
      },
      "locked": {
        "lastModified": 1672668722,
        "narHash": "sha256-i1MidLitMVa4k9UFbzdVoRyKy8y2NmYxVcVZdrdMEjw=",
        "owner": "oxalica",
        "repo": "nil",
        "rev": "0eff7fc333e3c0c064a6339834b44feae00fe64a",
        "type": "github"
      },
      "original": {
        "owner": "oxalica",
        "repo": "nil",
        "type": "github"
      }
    },
    "master": {
      "locked": {
        "lastModified": 1610960440,
        "narHash": "sha256-0ZDzGoFhROKZwcW2Sa2CXiwYL6br09JORgEHr58w/Ew=",
        "owner": "NixOS",
        "repo": "nixpkgs",
        "rev": "3bdf95ceb5660273a01ed2e5be2676487f7e820e",
        "type": "github"
      },
      "original": {
        "id": "nixpkgs",
        "ref": "master",
        "type": "indirect"
      }
    },
    "microsoft-store-sync": {
      "inputs": {
        "flake-utils": "flake-utils_2",
        "nixpkgs": "nixpkgs_3"
      },
      "locked": {
        "lastModified": 1673662349,
        "narHash": "sha256-yK0M+HrnbYrECd8FTiL4reggjF1CyiL/irULp9tr3ks=",
        "ref": "main",
        "rev": "0f81af5d5c1e21035997a774fea8dd7b8cb55660",
        "revCount": 5,
        "type": "git",
        "url": "file:///home/clansty/Projects/microsoft-store-sync"
      },
      "original": {
        "type": "git",
        "url": "file:///home/clansty/Projects/microsoft-store-sync"
      }
    },
    "naersk": {
      "inputs": {
        "nixpkgs": "nixpkgs_10"
      },
      "locked": {
        "lastModified": 1662220400,
        "narHash": "sha256-9o2OGQqu4xyLZP9K6kNe1pTHnyPz0Wr3raGYnr9AIgY=",
        "owner": "nmattia",
        "repo": "naersk",
        "rev": "6944160c19cb591eb85bbf9b2f2768a935623ed3",
        "type": "github"
      },
      "original": {
        "owner": "nmattia",
        "ref": "master",
        "repo": "naersk",
        "type": "github"
      }
    },
    "netease-music-sync": {
      "inputs": {
        "flake-utils": "flake-utils_3",
        "nixpkgs": "nixpkgs_4"
      },
      "locked": {
        "lastModified": 1673416829,
        "narHash": "sha256-l1aAmZxKlsn8Gtwncq7XbGcFElL02JhQ0S/fhvLGDz8=",
        "owner": "clansty",
        "repo": "netease-music-sync",
        "rev": "a36c5b7da96878f9a4ad99bad5173b2b139ae074",
        "type": "github"
      },
      "original": {
        "owner": "clansty",
        "repo": "netease-music-sync",
        "type": "github"
      }
    },
    "nix2container": {
      "inputs": {
        "flake-utils": "flake-utils_5",
        "nixpkgs": "nixpkgs_6"
      },
      "locked": {
        "lastModified": 1671269339,
        "narHash": "sha256-KR2SXh4c2Y+bgbCfXjTGJ74O9/u4CAPFA0KYZHhKf5Q=",
        "owner": "nlewo",
        "repo": "nix2container",
        "rev": "6800fff45afecc7e47c334d14cf2b2f4f25601a0",
        "type": "github"
      },
      "original": {
        "owner": "nlewo",
        "repo": "nix2container",
        "type": "github"
      }
    },
    "nixos-20_09": {
      "locked": {
        "lastModified": 1610870190,
        "narHash": "sha256-G0fY7YVFpMw7lLb9HgpZufpeAVmCCZkzZ+WDscy4ImY=",
        "owner": "NixOS",
        "repo": "nixpkgs",
        "rev": "f5f66148b28b3d9b9b8381532052ad93a35d5d67",
        "type": "github"
      },
      "original": {
        "owner": "NixOS",
        "ref": "nixos-20.09",
        "repo": "nixpkgs",
        "type": "github"
      }
    },
    "nixos-cn": {
      "inputs": {
        "flake-utils": [
          "sauricat",
          "flake-utils"
        ],
        "nixpkgs": [
          "sauricat",
          "nixpkgs"
        ]
      },
      "locked": {
        "lastModified": 1673659860,
        "narHash": "sha256-3typcAINMSINHx9IEiEsTv+DEmAPuZW26qD/PanyB5s=",
        "owner": "nixos-cn",
        "repo": "flakes",
        "rev": "837eaae466b86689c500f8bdd2f93b976dc66690",
        "type": "github"
      },
      "original": {
        "owner": "nixos-cn",
        "repo": "flakes",
        "type": "github"
      }
    },
    "nixos-guix": {
      "inputs": {
        "flake-compat": [
          "sauricat",
          "flake-compat"
        ],
        "nixpkgs": [
          "sauricat",
          "nixpkgs"
        ]
      },
      "locked": {
        "lastModified": 1652888914,
        "narHash": "sha256-evmN01g9uL8KJCPKCn/UYNbVE6ba6qQUUoUR7KqmNv0=",
        "owner": "sauricat",
        "repo": "nguix",
        "rev": "200adf4024c299930778431253a202a0ab3fdb5b",
        "type": "github"
      },
      "original": {
        "owner": "sauricat",
        "repo": "nguix",
        "type": "github"
      }
    },
    "nixos-hardware": {
      "locked": {
        "lastModified": 1610430373,
        "narHash": "sha256-2sTBiGl0z0B3VD2qMHIJtOGxOuftR0iiBSv30AhVWIw=",
        "owner": "nixos",
        "repo": "nixos-hardware",
        "rev": "874830945a65ad1134aff3a5aea0cdd2e1d914ab",
        "type": "github"
      },
      "original": {
        "owner": "nixos",
        "repo": "nixos-hardware",
        "type": "github"
      }
    },
    "nixos-hardware_2": {
      "locked": {
        "lastModified": 1673440569,
        "narHash": "sha256-FQ5o0yI+MH9MgfseeGDsVIIpIqv3BCgq+0NzncuZ9Zo=",
        "owner": "nixos",
        "repo": "nixos-hardware",
        "rev": "88016c96c3c338aa801695cdd9f186820bcfe4d6",
        "type": "github"
      },
      "original": {
        "owner": "nixos",
        "ref": "master",
        "repo": "nixos-hardware",
        "type": "github"
      }
    },
    "nixos-unstable": {
      "locked": {
        "lastModified": 1610842533,
        "narHash": "sha256-6hW8CML8RnNrRJMv7E56rXAhsCNgUM97HIVSqWxnO64=",
        "owner": "NixOS",
        "repo": "nixpkgs",
        "rev": "68398d2dd50efc2d878bf0f83bbc8bc323b6b0e0",
        "type": "github"
      },
      "original": {
        "owner": "NixOS",
        "ref": "nixos-unstable",
        "repo": "nixpkgs",
        "type": "github"
      }
    },
    "nixpkgs": {
      "locked": {
        "lastModified": 1671417167,
        "narHash": "sha256-JkHam6WQOwZN1t2C2sbp1TqMv3TVRjzrdoejqfefwrM=",
        "owner": "NixOS",
        "repo": "nixpkgs",
        "rev": "bb31220cca6d044baa6dc2715b07497a2a7c4bc7",
        "type": "github"
      },
      "original": {
        "owner": "NixOS",
        "ref": "nixpkgs-unstable",
        "repo": "nixpkgs",
        "type": "github"
      }
    },
    "nixpkgs-master": {
      "locked": {
        "lastModified": 1673659004,
        "narHash": "sha256-fAIbnEt+uBcBfIkPo0KRKg0++2yPyubkNPGNVvqxmtQ=",
        "owner": "nixos",
        "repo": "nixpkgs",
        "rev": "f907e2ee5ed7a41e5c57f0d88f09a9fcb388ec0f",
        "type": "github"
      },
      "original": {
        "owner": "nixos",
        "ref": "master",
        "repo": "nixpkgs",
        "type": "github"
      }
    },
    "nixpkgs_10": {
      "locked": {
        "lastModified": 1665419229,
        "narHash": "sha256-yidfF8FwS7LI61CN95xM5i1xA4fq/HW1rxyx9kSHZbM=",
        "owner": "NixOS",
        "repo": "nixpkgs",
        "rev": "abe6ea8ac11de69b7708ca9c70e8cd007600cd73",
        "type": "github"
      },
      "original": {
        "id": "nixpkgs",
        "type": "indirect"
      }
    },
    "nixpkgs_11": {
      "locked": {
        "lastModified": 1665419229,
        "narHash": "sha256-yidfF8FwS7LI61CN95xM5i1xA4fq/HW1rxyx9kSHZbM=",
        "owner": "NixOS",
        "repo": "nixpkgs",
        "rev": "abe6ea8ac11de69b7708ca9c70e8cd007600cd73",
        "type": "github"
      },
      "original": {
        "owner": "NixOS",
        "ref": "nixpkgs-unstable",
        "repo": "nixpkgs",
        "type": "github"
      }
    },
    "nixpkgs_2": {
      "locked": {
        "lastModified": 1607981906,
        "narHash": "sha256-tFuNBkK0F5km1Lq5ulLgLVm3BvOvI7t4k4Y7xTIo3QE=",
        "path": "/nix/store/6l6hv9pyfmznqmxkk77bbig0a9wsqslp-source",
        "rev": "dd95aa337e23a8a48fe82f0f7b1cced8bc03e379",
        "type": "path"
      },
      "original": {
        "id": "nixpkgs",
        "type": "indirect"
      }
    },
    "nixpkgs_3": {
      "locked": {
        "lastModified": 1673612960,
        "narHash": "sha256-DWR7hrbecJKmUJCswk9MXZta710mq+3jZwTvHU/UfyY=",
        "owner": "NixOS",
        "repo": "nixpkgs",
        "rev": "e285dd0ca97c264003867c7329f0d1f4f028739c",
        "type": "github"
      },
      "original": {
        "owner": "NixOS",
        "ref": "nixos-22.11",
        "repo": "nixpkgs",
        "type": "github"
      }
    },
    "nixpkgs_4": {
      "locked": {
        "lastModified": 1674692158,
        "narHash": "sha256-oqGpwVg4D+eMSgF7Th5Ve1ysCiH3H3g85vGJ3nvJsZQ=",
        "owner": "NixOS",
        "repo": "nixpkgs",
        "rev": "def9e420d27c951026d57dc96ce0218c3131f412",
        "type": "github"
      },
      "original": {
        "owner": "NixOS",
        "ref": "nixos-22.11",
        "repo": "nixpkgs",
        "type": "github"
      }
    },
    "nixpkgs_5": {
      "locked": {
        "lastModified": 1674746945,
        "narHash": "sha256-xJ5XrXWPHDArSAJtJVBGRQzHu3ESI13zMNjXbnRaAjY=",
        "owner": "nixos",
        "repo": "nixpkgs",
        "rev": "e39a949aaa9e4fc652b1619b56e59584e1fc305b",
        "type": "github"
      },
      "original": {
        "owner": "nixos",
        "ref": "nixpkgs-unstable",
        "repo": "nixpkgs",
        "type": "github"
      }
    },
    "nixpkgs_6": {
      "locked": {
        "lastModified": 1654807842,
        "narHash": "sha256-ADymZpr6LuTEBXcy6RtFHcUZdjKTBRTMYwu19WOx17E=",
        "owner": "NixOS",
        "repo": "nixpkgs",
        "rev": "fc909087cc3386955f21b4665731dbdaceefb1d8",
        "type": "github"
      },
      "original": {
        "owner": "NixOS",
        "repo": "nixpkgs",
        "type": "github"
      }
    },
    "nixpkgs_7": {
      "locked": {
        "lastModified": 1671752829,
        "narHash": "sha256-oFeJzAq0iRL6md9Si8Tx9bltjwjLmldvgUmAteMhYW4=",
        "owner": "NixOS",
        "repo": "nixpkgs",
        "rev": "9898811c658d39b2692d0ab744377e02fd85d08b",
        "type": "github"
      },
      "original": {
        "owner": "NixOS",
        "ref": "nixos-22.11",
        "repo": "nixpkgs",
        "type": "github"
      }
    },
    "nixpkgs_8": {
      "locked": {
        "lastModified": 1673540789,
        "narHash": "sha256-xqnxBOK3qctIeUVxecydrEDbEXjsvHCPGPbvsl63M/U=",
        "owner": "nixos",
        "repo": "nixpkgs",
        "rev": "0f213d0fee84280d8c3a97f7469b988d6fe5fcdf",
        "type": "github"
      },
      "original": {
        "owner": "nixos",
        "ref": "nixos-unstable",
        "repo": "nixpkgs",
        "type": "github"
      }
    },
    "nixpkgs_9": {
      "locked": {
        "lastModified": 1662096612,
        "narHash": "sha256-R+Q8l5JuyJryRPdiIaYpO5O3A55rT+/pItBrKcy7LM4=",
        "owner": "NixOS",
        "repo": "nixpkgs",
        "rev": "21de2b973f9fee595a7a1ac4693efff791245c34",
        "type": "github"
      },
      "original": {
        "owner": "NixOS",
        "ref": "nixpkgs-unstable",
        "repo": "nixpkgs",
        "type": "github"
      }
    },
    "nur": {
      "locked": {
        "lastModified": 1608983018,
        "narHash": "sha256-mhnPEzNTaIdE2zxdDgv6LU5koNyIkzomSerIbYuBepM=",
        "owner": "nix-community",
        "repo": "NUR",
        "rev": "c32c0ee347949d55f34b0762dccaa52a1f73aa83",
        "type": "github"
      },
      "original": {
        "id": "nur",
        "type": "indirect"
      }
    },
    "nur_2": {
      "locked": {
        "lastModified": 1674771478,
        "narHash": "sha256-WI5CNBN3ys5vUcfUvpVIfU4lYm3b5Oon8sbJnNG1nK8=",
        "owner": "nix-community",
        "repo": "NUR",
        "rev": "2d809d91d70e26e983d61a50546947f3189d05bb",
        "type": "github"
      },
      "original": {
        "owner": "nix-community",
        "repo": "NUR",
        "type": "github"
      }
    },
    "nvfetcher": {
      "inputs": {
        "flake-compat": "flake-compat_3",
        "flake-utils": "flake-utils_6",
        "nixpkgs": [
          "sauricat",
          "berberman",
          "nixpkgs"
        ]
      },
      "locked": {
        "lastModified": 1667620329,
        "narHash": "sha256-v1Zk7rtEbAGpevBGPZvZBKpwbmw4I+uVwxvd+pBlp3o=",
        "owner": "berberman",
        "repo": "nvfetcher",
        "rev": "294826951113dcd3aa9abbcacfb1aa5b95a19116",
        "type": "github"
      },
      "original": {
        "owner": "berberman",
        "repo": "nvfetcher",
        "type": "github"
      }
    },
    "oxalica": {
      "flake": false,
      "locked": {
        "lastModified": 1673511442,
        "narHash": "sha256-WKicqySs+oZdZVQuMY0PTG6hRKnNp9cygoqKy/KVwZA=",
        "owner": "oxalica",
        "repo": "nixos-config",
        "rev": "40eda588a52ba1b6b721fe1e9baefb238c50b045",
        "type": "github"
      },
      "original": {
        "owner": "oxalica",
        "repo": "nixos-config",
        "type": "github"
      }
    },
    "pre-commit-hooks-nix": {
      "flake": false,
      "locked": {
        "lastModified": 1603721622,
        "narHash": "sha256-tUgyf5eYK5+0A/dvLzbbm4W7icxbpORuFMXiFe5yz+I=",
        "owner": "cachix",
        "repo": "pre-commit-hooks.nix",
        "rev": "efdbd6d28f7f44db3d9f8cf0e0b4cb9db0d259e1",
        "type": "github"
      },
      "original": {
        "owner": "cachix",
        "repo": "pre-commit-hooks.nix",
        "type": "github"
      }
    },
    "q2tg": {
      "inputs": {
        "flake-utils": "flake-utils_4",
        "nix2container": "nix2container",
        "nixpkgs": "nixpkgs_7"
      },
      "locked": {
        "lastModified": 1673855639,
        "narHash": "sha256-UaBCekEnfKEQ9cnvD6CWOGsl3+PBjWWGzMBNkLcNrjo=",
        "owner": "clansty",
        "repo": "Q2TG",
        "rev": "8f65eebf4e5fc2eb2b98a9b64324ffd2152ee732",
        "type": "github"
      },
      "original": {
        "owner": "clansty",
        "ref": "8f65eeb",
        "repo": "Q2TG",
        "type": "github"
      }
    },
    "root": {
      "inputs": {
        "darwin": "darwin",
        "deploy-rs": "deploy-rs",
        "hercules-ci": "hercules-ci",
        "home-manager": "home-manager",
        "microsoft-store-sync": "microsoft-store-sync",
        "netease-music-sync": "netease-music-sync",
        "nixpkgs": "nixpkgs_5",
        "nur": "nur_2",
        "q2tg": "q2tg",
        "sauricat": "sauricat",
        "superstar-checkin": "superstar-checkin",
        "xremap-flake": "xremap-flake"
      }
    },
    "rust-overlay": {
      "inputs": {
        "flake-utils": [
          "sauricat",
          "flake-utils"
        ],
        "nixpkgs": [
          "sauricat",
          "nixpkgs"
        ]
      },
      "locked": {
        "lastModified": 1673576998,
        "narHash": "sha256-I6vYVejEWTao+Ze/F6VFSTFxu6/X2OPT3Eu4AM/zzec=",
        "owner": "oxalica",
        "repo": "rust-overlay",
        "rev": "ca474ccdd5f81ed742328e15dae38bb57a1006e3",
        "type": "github"
      },
      "original": {
        "owner": "oxalica",
        "repo": "rust-overlay",
        "type": "github"
      }
    },
    "sauricat": {
      "inputs": {
        "berberman": "berberman",
        "emacs-overlay": "emacs-overlay",
        "epkgs-exwm-ns": "epkgs-exwm-ns",
        "epkgs-ligature": "epkgs-ligature",
        "epkgs-toggle-one-window": "epkgs-toggle-one-window",
        "flake-compat": "flake-compat_4",
        "flake-utils": "flake-utils_7",
        "home-manager": "home-manager_2",
        "lsp-nil": "lsp-nil",
        "nixos-cn": "nixos-cn",
        "nixos-guix": "nixos-guix",
        "nixos-hardware": "nixos-hardware_2",
        "nixpkgs": "nixpkgs_8",
        "nixpkgs-master": "nixpkgs-master",
        "oxalica": "oxalica",
        "rust-overlay": "rust-overlay",
        "tree-sitter-nix-oxa": "tree-sitter-nix-oxa"
      },
      "locked": {
        "lastModified": 1673660520,
        "narHash": "sha256-iH/DHXJF/DAxrTsvjxSqpgszb+q9I1v4jf6FvPV/OUg=",
        "owner": "sauricat",
        "repo": "flakes",
        "rev": "3390eef9ea75ba32c6037879bc3d22abab0b5e97",
        "type": "github"
      },
      "original": {
        "owner": "sauricat",
        "ref": "main",
        "repo": "flakes",
        "type": "github"
      }
    },
    "superstar-checkin": {
      "inputs": {
        "flake-utils": "flake-utils_8",
        "nixpkgs": "nixpkgs_9"
      },
      "locked": {
        "lastModified": 1665546016,
        "narHash": "sha256-zagWStmzVP8mCbp2U81+XgFMSJsliLqEnyjd55iVU3o=",
        "owner": "clansty",
        "repo": "superstar-checkin",
        "rev": "75eb89325abb437cfef8c44035933c138eafa291",
        "type": "github"
      },
      "original": {
        "owner": "clansty",
        "repo": "superstar-checkin",
        "type": "github"
      }
    },
    "tree-sitter-nix-oxa": {
      "flake": false,
      "locked": {
        "lastModified": 1639068943,
        "narHash": "sha256-x2Kq7t0p5AOKIHtEUHMIC6emZNoF9GE2FdKbjEfUp0E=",
        "owner": "oxalica",
        "repo": "tree-sitter-nix",
        "rev": "add8eb3050a0974c1854df419c192fa4f359bcb0",
        "type": "github"
      },
      "original": {
        "owner": "oxalica",
        "repo": "tree-sitter-nix",
        "type": "github"
      }
    },
    "utils": {
      "locked": {
        "lastModified": 1667395993,
        "narHash": "sha256-nuEHfE/LcWyuSWnS8t12N1wc105Qtau+/OdUAjtQ0rA=",
        "owner": "numtide",
        "repo": "flake-utils",
        "rev": "5aed5285a952e0b949eb3ba02c12fa4fcfef535f",
        "type": "github"
      },
      "original": {
        "owner": "numtide",
        "repo": "flake-utils",
        "type": "github"
      }
    },
    "utils_2": {
      "locked": {
        "lastModified": 1667395993,
        "narHash": "sha256-nuEHfE/LcWyuSWnS8t12N1wc105Qtau+/OdUAjtQ0rA=",
        "owner": "numtide",
        "repo": "flake-utils",
        "rev": "5aed5285a952e0b949eb3ba02c12fa4fcfef535f",
        "type": "github"
      },
      "original": {
        "owner": "numtide",
        "repo": "flake-utils",
        "type": "github"
      }
    },
    "xremap": {
      "flake": false,
      "locked": {
        "lastModified": 1665463087,
        "narHash": "sha256-2ZU33LLOBlabzWvt4GWV+Uut+OJaMuodXax0coqKf6A=",
        "owner": "k0kubun",
        "repo": "xremap",
        "rev": "bfb8604adde570c0396a87e39e5a51523713e593",
        "type": "github"
      },
      "original": {
        "owner": "k0kubun",
        "ref": "v0.7.6",
        "repo": "xremap",
        "type": "github"
      }
    },
    "xremap-flake": {
      "inputs": {
        "naersk": "naersk",
        "nixpkgs": "nixpkgs_11",
        "xremap": "xremap"
      },
      "locked": {
        "lastModified": 1665639396,
        "narHash": "sha256-DI0uS94l6mSiWfRirdwguDLQSZg/4A/FBLPS4P273pU=",
        "owner": "xremap",
        "repo": "nix-flake",
        "rev": "5f3c5668c11d004b2b0d5f6bafdbd70da431b9a0",
        "type": "github"
      },
      "original": {
        "owner": "xremap",
        "repo": "nix-flake",
        "rev": "5f3c5668c11d004b2b0d5f6bafdbd70da431b9a0",
        "type": "github"
      }
    }
  },
  "root": "root",
  "version": 7
}
