{
  "nodes": {
    "berberman": {
      "inputs": {
        "nixpkgs": [
          "sauricat",
          "nixpkgs"
        ],
        "nvfetcher": "nvfetcher"
      },
      "locked": {
        "lastModified": 1677730833,
        "narHash": "sha256-yHGy1YIeRQhbQ5vzuFRJWIF1PCMOYJ0hRPKyw98r5i8=",
        "owner": "berberman",
        "repo": "flakes",
        "rev": "cf94d3935b4b094d079afa020ef10a21af38f771",
        "type": "github"
      },
      "original": {
        "owner": "berberman",
        "repo": "flakes",
        "type": "github"
      }
    },
    "ci-agent": {
      "inputs": {
        "flake-compat": "flake-compat_2",
        "nixos-20_09": "nixos-20_09",
        "nixos-unstable": "nixos-unstable",
        "pre-commit-hooks-nix": "pre-commit-hooks-nix"
      },
      "locked": {
        "lastModified": 1610978656,
        "narHash": "sha256-9GKLu24KSurJEsvQlIB+mUmHWRn9y5XiYDXjCs7vWAw=",
        "owner": "hercules-ci",
        "repo": "hercules-ci-agent",
        "rev": "42e702d5865b7b7eb6ee5b743bcda7562f95e82e",
        "type": "github"
      },
      "original": {
        "owner": "hercules-ci",
        "repo": "hercules-ci-agent",
        "type": "github"
      }
    },
    "darwin": {
      "inputs": {
        "nixpkgs": [
          "nixpkgs"
        ]
      },
      "locked": {
        "lastModified": 1681154394,
        "narHash": "sha256-avnu1K9AuouygBiwVKuDp6emiTET43az3rcpv0ctLjc=",
        "owner": "LnL7",
        "repo": "nix-darwin",
        "rev": "025912529dd0b31dead95519e944ea05f1ad56f2",
        "type": "github"
      },
      "original": {
        "owner": "LnL7",
        "repo": "nix-darwin",
        "type": "github"
      }
    },
    "deploy-rs": {
      "inputs": {
        "flake-compat": "flake-compat",
        "nixpkgs": "nixpkgs",
        "utils": "utils"
      },
      "locked": {
        "lastModified": 1674127017,
        "narHash": "sha256-QO1xF7stu5ZMDLbHN30LFolMAwY6TVlzYvQoUs1RD68=",
        "owner": "serokell",
        "repo": "deploy-rs",
        "rev": "8c9ea9605eed20528bf60fae35a2b613b901fd77",
        "type": "github"
      },
      "original": {
        "owner": "serokell",
        "repo": "deploy-rs",
        "type": "github"
      }
    },
    "devshell": {
      "locked": {
        "lastModified": 1611764683,
        "narHash": "sha256-RETUhdtMma4yBWzJECs2gCZmLlsyqyoXA/dUon3Hxic=",
        "owner": "numtide",
        "repo": "devshell",
        "rev": "21f3cc1433ec257cc9b85c91e471d54f7f74f646",
        "type": "github"
      },
      "original": {
        "owner": "numtide",
        "repo": "devshell",
        "type": "github"
      }
    },
    "emacs-overlay": {
      "inputs": {
        "flake-utils": [
          "sauricat",
          "flake-utils"
        ],
        "nixpkgs": [
          "sauricat",
          "nixpkgs"
        ]
      },
      "locked": {
        "lastModified": 1678586532,
        "narHash": "sha256-f1NFL6wjVusEXEhFpIzJk1H22bAPTDO4mSkWVMGUGuk=",
        "owner": "nix-community",
        "repo": "emacs-overlay",
        "rev": "2ee70907d5395312b0fb5625007abf28c47603d0",
        "type": "github"
      },
      "original": {
        "owner": "nix-community",
        "repo": "emacs-overlay",
        "type": "github"
      }
    },
    "epkgs-exwm-ns": {
      "flake": false,
      "locked": {
        "lastModified": 1604918985,
        "narHash": "sha256-QZCEcpqWZgjppp/P48+DtC4XoR/4UAlXXxJA5FYLoLI=",
        "owner": "timor",
        "repo": "exwm-ns",
        "rev": "0230bb989d5c4c2d5474c35ba77882b65dc19bd9",
        "type": "github"
      },
      "original": {
        "owner": "timor",
        "repo": "exwm-ns",
        "type": "github"
      }
    },
    "epkgs-ligature": {
      "flake": false,
      "locked": {
        "lastModified": 1667477036,
        "narHash": "sha256-jaSu5MUvJyqjfzFlUop4DQ31qVHE1RzdtvAGj24V3eY=",
        "owner": "mickeynp",
        "repo": "ligature.el",
        "rev": "3d1460470736777fd8329e4bb4ac359bf4f1460a",
        "type": "github"
      },
      "original": {
        "owner": "mickeynp",
        "repo": "ligature.el",
        "type": "github"
      }
    },
    "epkgs-toggle-one-window": {
      "flake": false,
      "locked": {
        "lastModified": 1635755644,
        "narHash": "sha256-lSPe7hZ05PZj3Yk6yPYhXTyd5bezhvGuq3Vhnf5mHvk=",
        "owner": "manateelazycat",
        "repo": "toggle-one-window",
        "rev": "8ca741ca6be97c6049043aec6cec2e2bfbca5d19",
        "type": "github"
      },
      "original": {
        "owner": "manateelazycat",
        "repo": "toggle-one-window",
        "type": "github"
      }
    },
    "flake-compat": {
      "flake": false,
      "locked": {
        "lastModified": 1668681692,
        "narHash": "sha256-Ht91NGdewz8IQLtWZ9LCeNXMSXHUss+9COoqu6JLmXU=",
        "owner": "edolstra",
        "repo": "flake-compat",
        "rev": "009399224d5e398d03b22badca40a37ac85412a1",
        "type": "github"
      },
      "original": {
        "owner": "edolstra",
        "repo": "flake-compat",
        "type": "github"
      }
    },
    "flake-compat_2": {
      "flake": false,
      "locked": {
        "lastModified": 1603796912,
        "narHash": "sha256-6ayqpH/4XiEXylNdWI3AghubqS6XuiPg3Y60jY8RTo4=",
        "owner": "edolstra",
        "repo": "flake-compat",
        "rev": "19576c2aea7f074ff0da818b21a8b0950ff6ec86",
        "type": "github"
      },
      "original": {
        "owner": "edolstra",
        "repo": "flake-compat",
        "type": "github"
      }
    },
    "flake-compat_3": {
      "flake": false,
      "locked": {
        "lastModified": 1668681692,
        "narHash": "sha256-Ht91NGdewz8IQLtWZ9LCeNXMSXHUss+9COoqu6JLmXU=",
        "owner": "edolstra",
        "repo": "flake-compat",
        "rev": "009399224d5e398d03b22badca40a37ac85412a1",
        "type": "github"
      },
      "original": {
        "owner": "edolstra",
        "repo": "flake-compat",
        "type": "github"
      }
    },
    "flake-compat_4": {
      "flake": false,
      "locked": {
        "lastModified": 1673956053,
        "narHash": "sha256-4gtG9iQuiKITOjNQQeQIpoIB6b16fm+504Ch3sNKLd8=",
        "owner": "edolstra",
        "repo": "flake-compat",
        "rev": "35bb57c0c8d8b62bbfd284272c928ceb64ddbde9",
        "type": "github"
      },
      "original": {
        "owner": "edolstra",
        "repo": "flake-compat",
        "type": "github"
      }
    },
    "flake-utils": {
      "locked": {
        "lastModified": 1608663846,
        "narHash": "sha256-YOAXeoNLW0IubQ6AZLGuSj5kAD5n4DYXLYReLtyds1A=",
        "owner": "numtide",
        "repo": "flake-utils",
        "rev": "a68df93a37cd5137ac22ffeb2d8a03acf253cc24",
        "type": "github"
      },
      "original": {
        "owner": "numtide",
        "ref": "flatten-tree-system",
        "repo": "flake-utils",
        "type": "github"
      }
    },
    "flake-utils_2": {
      "locked": {
        "lastModified": 1667395993,
        "narHash": "sha256-nuEHfE/LcWyuSWnS8t12N1wc105Qtau+/OdUAjtQ0rA=",
        "owner": "numtide",
        "repo": "flake-utils",
        "rev": "5aed5285a952e0b949eb3ba02c12fa4fcfef535f",
        "type": "github"
      },
      "original": {
        "owner": "numtide",
        "repo": "flake-utils",
        "type": "github"
      }
    },
    "flake-utils_3": {
      "inputs": {
        "systems": "systems"
      },
      "locked": {
        "lastModified": 1681202837,
        "narHash": "sha256-H+Rh19JDwRtpVPAWp64F+rlEtxUWBAQW28eAi3SRSzg=",
        "owner": "numtide",
        "repo": "flake-utils",
        "rev": "cfacdce06f30d2b68473a46042957675eebb3401",
        "type": "github"
      },
      "original": {
        "owner": "numtide",
        "repo": "flake-utils",
        "type": "github"
      }
    },
    "flake-utils_4": {
      "locked": {
        "lastModified": 1659877975,
        "narHash": "sha256-zllb8aq3YO3h8B/U0/J1WBgAL8EX5yWf5pMj3G0NAmc=",
        "owner": "numtide",
        "repo": "flake-utils",
        "rev": "c0e246b9b83f637f4681389ecabcb2681b4f3af0",
        "type": "github"
      },
      "original": {
        "owner": "numtide",
        "repo": "flake-utils",
        "type": "github"
      }
    },
    "flake-utils_5": {
      "locked": {
        "lastModified": 1653893745,
        "narHash": "sha256-0jntwV3Z8//YwuOjzhV2sgJJPt+HY6KhU7VZUL0fKZQ=",
        "owner": "numtide",
        "repo": "flake-utils",
        "rev": "1ed9fb1935d260de5fe1c2f7ee0ebaae17ed2fa1",
        "type": "github"
      },
      "original": {
        "owner": "numtide",
        "repo": "flake-utils",
        "type": "github"
      }
    },
    "flake-utils_6": {
      "locked": {
        "lastModified": 1667395993,
        "narHash": "sha256-nuEHfE/LcWyuSWnS8t12N1wc105Qtau+/OdUAjtQ0rA=",
        "owner": "numtide",
        "repo": "flake-utils",
        "rev": "5aed5285a952e0b949eb3ba02c12fa4fcfef535f",
        "type": "github"
      },
      "original": {
        "owner": "numtide",
        "repo": "flake-utils",
        "type": "github"
      }
    },
    "flake-utils_7": {
      "locked": {
        "lastModified": 1676283394,
        "narHash": "sha256-XX2f9c3iySLCw54rJ/CZs+ZK6IQy7GXNY4nSOyu2QG4=",
        "owner": "numtide",
        "repo": "flake-utils",
        "rev": "3db36a8b464d0c4532ba1c7dda728f4576d6d073",
        "type": "github"
      },
      "original": {
        "owner": "numtide",
        "repo": "flake-utils",
        "type": "github"
      }
    },
    "flake-utils_8": {
      "locked": {
        "lastModified": 1659877975,
        "narHash": "sha256-zllb8aq3YO3h8B/U0/J1WBgAL8EX5yWf5pMj3G0NAmc=",
        "owner": "numtide",
        "repo": "flake-utils",
        "rev": "c0e246b9b83f637f4681389ecabcb2681b4f3af0",
        "type": "github"
      },
      "original": {
        "owner": "numtide",
        "repo": "flake-utils",
        "type": "github"
      }
    },
    "hercules-ci": {
      "inputs": {
        "ci-agent": "ci-agent",
        "devshell": "devshell",
        "flake-utils": "flake-utils",
        "home": "home",
        "master": "master",
        "nixos": [
          "nixpkgs"
        ],
        "nixos-hardware": "nixos-hardware",
        "nur": "nur"
      },
      "locked": {
        "lastModified": 1612252926,
        "narHash": "sha256-E/0fuXHcyadHW5Hyntl+FC4YhdRYYLfuthrUp8+JRDQ=",
        "owner": "hercules-ci",
        "repo": "nixflk",
        "rev": "1c5a86026be777de78eadd9903267f0093262af2",
        "type": "github"
      },
      "original": {
        "owner": "hercules-ci",
        "repo": "nixflk",
        "type": "github"
      }
    },
    "home": {
      "inputs": {
        "nixpkgs": "nixpkgs_2"
      },
      "locked": {
        "lastModified": 1604441492,
        "narHash": "sha256-Wo7WqdwNQnWHmhyZuhVLrAEpCuZl88cA9ttxkiCTekY=",
        "owner": "nix-community",
        "repo": "home-manager",
        "rev": "63f299b3347aea183fc5088e4d6c4a193b334a41",
        "type": "github"
      },
      "original": {
        "owner": "nix-community",
        "ref": "release-20.09",
        "repo": "home-manager",
        "type": "github"
      }
    },
    "home-manager": {
      "inputs": {
        "nixpkgs": [
          "nixpkgs"
        ]
      },
      "locked": {
        "lastModified": 1681765172,
        "narHash": "sha256-BbI9rihPWc6hvrbu9B6EtOetRSHMp0IiwlCVFIKcmMk=",
        "owner": "nix-community",
        "repo": "home-manager",
        "rev": "58b8685e47ce54b298c40aff7877ea9b875de0e6",
        "type": "github"
      },
      "original": {
        "owner": "nix-community",
        "repo": "home-manager",
        "type": "github"
      }
    },
    "home-manager_2": {
      "inputs": {
        "nixpkgs": [
          "sauricat",
          "nixpkgs"
        ],
        "utils": [
          "sauricat",
          "flake-utils"
        ]
      },
      "locked": {
        "lastModified": 1678571066,
        "narHash": "sha256-MrlMr2A3tK1MY/JUGWMVzMwois8+mHWXm/1yYdwQSIc=",
        "owner": "nix-community",
        "repo": "home-manager",
        "rev": "bf5712c5865e543fb3f4796511d4cf51efd841b1",
        "type": "github"
      },
      "original": {
        "owner": "nix-community",
        "repo": "home-manager",
        "type": "github"
      }
    },
    "lsp-nil": {
      "inputs": {
        "flake-utils": [
          "sauricat",
          "flake-utils"
        ],
        "nixpkgs": [
          "sauricat",
          "nixpkgs"
        ],
        "rust-overlay": [
          "sauricat",
          "rust-overlay"
        ]
      },
      "locked": {
        "lastModified": 1678547626,
        "narHash": "sha256-aQ0PpPNEBp7gAoRDLgXtuKRDj5RHVaQpZLFsHpzdjE4=",
        "owner": "oxalica",
        "repo": "nil",
        "rev": "2552c08e3967e3a5137d7d3db0af5166877d4630",
        "type": "github"
      },
      "original": {
        "owner": "oxalica",
        "repo": "nil",
        "type": "github"
      }
    },
    "master": {
      "locked": {
        "lastModified": 1610960440,
        "narHash": "sha256-0ZDzGoFhROKZwcW2Sa2CXiwYL6br09JORgEHr58w/Ew=",
        "owner": "NixOS",
        "repo": "nixpkgs",
        "rev": "3bdf95ceb5660273a01ed2e5be2676487f7e820e",
        "type": "github"
      },
      "original": {
        "id": "nixpkgs",
        "ref": "master",
        "type": "indirect"
      }
    },
    "microsoft-store-sync": {
      "inputs": {
        "flake-utils": "flake-utils_2",
        "nixpkgs": "nixpkgs_3"
      },
      "locked": {
        "lastModified": 1673662349,
        "narHash": "sha256-yK0M+HrnbYrECd8FTiL4reggjF1CyiL/irULp9tr3ks=",
        "owner": "clansty",
        "repo": "microsoft-store-sync",
        "rev": "0f81af5d5c1e21035997a774fea8dd7b8cb55660",
        "type": "github"
      },
      "original": {
        "owner": "clansty",
        "repo": "microsoft-store-sync",
        "type": "github"
      }
    },
    "naersk": {
      "inputs": {
        "nixpkgs": "nixpkgs_10"
      },
      "locked": {
        "lastModified": 1662220400,
        "narHash": "sha256-9o2OGQqu4xyLZP9K6kNe1pTHnyPz0Wr3raGYnr9AIgY=",
        "owner": "nmattia",
        "repo": "naersk",
        "rev": "6944160c19cb591eb85bbf9b2f2768a935623ed3",
        "type": "github"
      },
      "original": {
        "owner": "nmattia",
        "ref": "master",
        "repo": "naersk",
        "type": "github"
      }
    },
    "netease-music-sync": {
      "inputs": {
        "flake-utils": "flake-utils_3",
        "nixpkgs": "nixpkgs_4"
      },
      "locked": {
        "lastModified": 1679553588,
        "narHash": "sha256-HW7VWYTpsAuDycn4PCu7gi6tH2zQWquSCnHLWbjZRFY=",
        "path": "/home/clansty/Projects/netease-music-sync",
        "type": "path"
      },
      "original": {
        "path": "/home/clansty/Projects/netease-music-sync",
        "type": "path"
      }
    },
    "nix2container": {
      "inputs": {
        "flake-utils": "flake-utils_5",
        "nixpkgs": "nixpkgs_6"
      },
      "locked": {
        "lastModified": 1671269339,
        "narHash": "sha256-KR2SXh4c2Y+bgbCfXjTGJ74O9/u4CAPFA0KYZHhKf5Q=",
        "owner": "nlewo",
        "repo": "nix2container",
        "rev": "6800fff45afecc7e47c334d14cf2b2f4f25601a0",
        "type": "github"
      },
      "original": {
        "owner": "nlewo",
        "repo": "nix2container",
        "type": "github"
      }
    },
    "nixos-20_09": {
      "locked": {
        "lastModified": 1610870190,
        "narHash": "sha256-G0fY7YVFpMw7lLb9HgpZufpeAVmCCZkzZ+WDscy4ImY=",
        "owner": "NixOS",
        "repo": "nixpkgs",
        "rev": "f5f66148b28b3d9b9b8381532052ad93a35d5d67",
        "type": "github"
      },
      "original": {
        "owner": "NixOS",
        "ref": "nixos-20.09",
        "repo": "nixpkgs",
        "type": "github"
      }
    },
    "nixos-cn": {
      "inputs": {
        "flake-utils": [
          "sauricat",
          "flake-utils"
        ],
        "nixpkgs": [
          "sauricat",
          "nixpkgs"
        ]
      },
      "locked": {
        "lastModified": 1678585736,
        "narHash": "sha256-gQOSm6dPXA2MjT1L8RCtWFIjU9/EEoL5Pl4lYF5eCMY=",
        "owner": "nixos-cn",
        "repo": "flakes",
        "rev": "7b26f0375c2a681ec17470aa1dc56c6724c0d9c0",
        "type": "github"
      },
      "original": {
        "owner": "nixos-cn",
        "repo": "flakes",
        "type": "github"
      }
    },
    "nixos-guix": {
      "inputs": {
        "flake-compat": [
          "sauricat",
          "flake-compat"
        ],
        "nixpkgs": [
          "sauricat",
          "nixpkgs"
        ]
      },
      "locked": {
        "lastModified": 1652888914,
        "narHash": "sha256-evmN01g9uL8KJCPKCn/UYNbVE6ba6qQUUoUR7KqmNv0=",
        "owner": "sauricat",
        "repo": "nguix",
        "rev": "200adf4024c299930778431253a202a0ab3fdb5b",
        "type": "github"
      },
      "original": {
        "owner": "sauricat",
        "repo": "nguix",
        "type": "github"
      }
    },
    "nixos-hardware": {
      "locked": {
        "lastModified": 1610430373,
        "narHash": "sha256-2sTBiGl0z0B3VD2qMHIJtOGxOuftR0iiBSv30AhVWIw=",
        "owner": "nixos",
        "repo": "nixos-hardware",
        "rev": "874830945a65ad1134aff3a5aea0cdd2e1d914ab",
        "type": "github"
      },
      "original": {
        "owner": "nixos",
        "repo": "nixos-hardware",
        "type": "github"
      }
    },
    "nixos-hardware_2": {
      "locked": {
        "lastModified": 1678397099,
        "narHash": "sha256-5xq8YJe+h19TlD+EI4AE/3H3jcCcQ2AWU6CWBVc5tRc=",
        "owner": "nixos",
        "repo": "nixos-hardware",
        "rev": "556101ff85bd6e20900ec73ee525b935154bc8ea",
        "type": "github"
      },
      "original": {
        "owner": "nixos",
        "ref": "master",
        "repo": "nixos-hardware",
        "type": "github"
      }
    },
    "nixos-unstable": {
      "locked": {
        "lastModified": 1610842533,
        "narHash": "sha256-6hW8CML8RnNrRJMv7E56rXAhsCNgUM97HIVSqWxnO64=",
        "owner": "NixOS",
        "repo": "nixpkgs",
        "rev": "68398d2dd50efc2d878bf0f83bbc8bc323b6b0e0",
        "type": "github"
      },
      "original": {
        "owner": "NixOS",
        "ref": "nixos-unstable",
        "repo": "nixpkgs",
        "type": "github"
      }
    },
    "nixpkgs": {
      "locked": {
        "lastModified": 1671417167,
        "narHash": "sha256-JkHam6WQOwZN1t2C2sbp1TqMv3TVRjzrdoejqfefwrM=",
        "owner": "NixOS",
        "repo": "nixpkgs",
        "rev": "bb31220cca6d044baa6dc2715b07497a2a7c4bc7",
        "type": "github"
      },
      "original": {
        "owner": "NixOS",
        "ref": "nixpkgs-unstable",
        "repo": "nixpkgs",
        "type": "github"
      }
    },
    "nixpkgs-master": {
      "locked": {
        "lastModified": 1678604944,
        "narHash": "sha256-P0sOs5mT5Kput+wBsGIjYhI2bGgbkxB1FkMiw2VsOSg=",
        "owner": "nixos",
        "repo": "nixpkgs",
        "rev": "32956b5f2a9f1a605bd865be9e3216dc7848d6fd",
        "type": "github"
      },
      "original": {
        "owner": "nixos",
        "ref": "master",
        "repo": "nixpkgs",
        "type": "github"
      }
    },
    "nixpkgs_10": {
      "locked": {
        "lastModified": 1665419229,
        "narHash": "sha256-yidfF8FwS7LI61CN95xM5i1xA4fq/HW1rxyx9kSHZbM=",
        "owner": "NixOS",
        "repo": "nixpkgs",
        "rev": "abe6ea8ac11de69b7708ca9c70e8cd007600cd73",
        "type": "github"
      },
      "original": {
        "id": "nixpkgs",
        "type": "indirect"
      }
    },
    "nixpkgs_11": {
      "locked": {
        "lastModified": 1665419229,
        "narHash": "sha256-yidfF8FwS7LI61CN95xM5i1xA4fq/HW1rxyx9kSHZbM=",
        "owner": "NixOS",
        "repo": "nixpkgs",
        "rev": "abe6ea8ac11de69b7708ca9c70e8cd007600cd73",
        "type": "github"
      },
      "original": {
        "owner": "NixOS",
        "ref": "nixpkgs-unstable",
        "repo": "nixpkgs",
        "type": "github"
      }
    },
    "nixpkgs_2": {
      "locked": {
        "lastModified": 1607981906,
        "narHash": "sha256-tFuNBkK0F5km1Lq5ulLgLVm3BvOvI7t4k4Y7xTIo3QE=",
        "path": "/nix/store/6l6hv9pyfmznqmxkk77bbig0a9wsqslp-source",
        "rev": "dd95aa337e23a8a48fe82f0f7b1cced8bc03e379",
        "type": "path"
      },
      "original": {
        "id": "nixpkgs",
        "type": "indirect"
      }
    },
    "nixpkgs_3": {
      "locked": {
        "lastModified": 1673612960,
        "narHash": "sha256-DWR7hrbecJKmUJCswk9MXZta710mq+3jZwTvHU/UfyY=",
        "owner": "NixOS",
        "repo": "nixpkgs",
        "rev": "e285dd0ca97c264003867c7329f0d1f4f028739c",
        "type": "github"
      },
      "original": {
        "owner": "NixOS",
        "ref": "nixos-22.11",
        "repo": "nixpkgs",
        "type": "github"
      }
    },
    "nixpkgs_4": {
      "locked": {
        "lastModified": 1681696129,
        "narHash": "sha256-Ba2y1lmsWmmAOAoTD5G9UnTS/UqV0ZFyzysgdfu7qag=",
        "owner": "NixOS",
        "repo": "nixpkgs",
        "rev": "de66115c552acc4e0c0f92c5a5efb32e37dfa216",
        "type": "github"
      },
      "original": {
        "owner": "NixOS",
        "ref": "nixos-22.11",
        "repo": "nixpkgs",
        "type": "github"
      }
    },
    "nixpkgs_5": {
      "locked": {
        "lastModified": 1681753173,
        "narHash": "sha256-MrGmzZWLUqh2VstoikKLFFIELXm/lsf/G9U9zR96VD4=",
        "owner": "nixos",
        "repo": "nixpkgs",
        "rev": "0a4206a51b386e5cda731e8ac78d76ad924c7125",
        "type": "github"
      },
      "original": {
        "owner": "nixos",
        "ref": "nixpkgs-unstable",
        "repo": "nixpkgs",
        "type": "github"
      }
    },
    "nixpkgs_6": {
      "locked": {
        "lastModified": 1654807842,
        "narHash": "sha256-ADymZpr6LuTEBXcy6RtFHcUZdjKTBRTMYwu19WOx17E=",
        "owner": "NixOS",
        "repo": "nixpkgs",
        "rev": "fc909087cc3386955f21b4665731dbdaceefb1d8",
        "type": "github"
      },
      "original": {
        "owner": "NixOS",
        "repo": "nixpkgs",
        "type": "github"
      }
    },
    "nixpkgs_7": {
      "locked": {
        "lastModified": 1671752829,
        "narHash": "sha256-oFeJzAq0iRL6md9Si8Tx9bltjwjLmldvgUmAteMhYW4=",
        "owner": "NixOS",
        "repo": "nixpkgs",
        "rev": "9898811c658d39b2692d0ab744377e02fd85d08b",
        "type": "github"
      },
      "original": {
        "owner": "NixOS",
        "ref": "nixos-22.11",
        "repo": "nixpkgs",
        "type": "github"
      }
    },
    "nixpkgs_8": {
      "locked": {
        "lastModified": 1678470307,
        "narHash": "sha256-OEeMUr3ueLIXyW/OaFUX5jUdimyQwMg/7e+/Q0gC/QE=",
        "owner": "nixos",
        "repo": "nixpkgs",
        "rev": "0c4800d579af4ed98ecc47d464a5e7b0870c4b1f",
        "type": "github"
      },
      "original": {
        "owner": "nixos",
        "ref": "nixos-unstable",
        "repo": "nixpkgs",
        "type": "github"
      }
    },
    "nixpkgs_9": {
      "locked": {
        "lastModified": 1662096612,
        "narHash": "sha256-R+Q8l5JuyJryRPdiIaYpO5O3A55rT+/pItBrKcy7LM4=",
        "owner": "NixOS",
        "repo": "nixpkgs",
        "rev": "21de2b973f9fee595a7a1ac4693efff791245c34",
        "type": "github"
      },
      "original": {
        "owner": "NixOS",
        "ref": "nixpkgs-unstable",
        "repo": "nixpkgs",
        "type": "github"
      }
    },
    "nur": {
      "locked": {
        "lastModified": 1608983018,
        "narHash": "sha256-mhnPEzNTaIdE2zxdDgv6LU5koNyIkzomSerIbYuBepM=",
        "owner": "nix-community",
        "repo": "NUR",
        "rev": "c32c0ee347949d55f34b0762dccaa52a1f73aa83",
        "type": "github"
      },
      "original": {
        "id": "nur",
        "type": "indirect"
      }
    },
    "nur_2": {
      "locked": {
        "lastModified": 1681786621,
        "narHash": "sha256-dBZmOOeUzKhfhxihd5zBf32+mNpmVRicp2fFyL2EsNQ=",
        "owner": "nix-community",
        "repo": "NUR",
        "rev": "5b427079da316c910d80ce392192e7206bba4e37",
        "type": "github"
      },
      "original": {
        "owner": "nix-community",
        "repo": "NUR",
        "type": "github"
      }
    },
    "nvfetcher": {
      "inputs": {
        "flake-compat": "flake-compat_3",
        "flake-utils": "flake-utils_6",
        "nixpkgs": [
          "sauricat",
          "berberman",
          "nixpkgs"
        ]
      },
      "locked": {
        "lastModified": 1672979485,
        "narHash": "sha256-LrY0K1yya3nvRlGDc98wm68ozVj7E6a1EXXEr7eHp8E=",
        "owner": "berberman",
        "repo": "nvfetcher",
        "rev": "0a9ac5fd07b52467d81163b1f8c94c12e5c9aff9",
        "type": "github"
      },
      "original": {
        "owner": "berberman",
        "repo": "nvfetcher",
        "type": "github"
      }
    },
    "oxalica": {
      "flake": false,
      "locked": {
        "lastModified": 1677713071,
        "narHash": "sha256-u/KsuOUz3TG0hg4qTVn0aYSq0OVFjxTS8o76nfuVq1o=",
        "owner": "oxalica",
        "repo": "nixos-config",
        "rev": "f09e3268195f239ac5b47f318b4f48ef2b516855",
        "type": "github"
      },
      "original": {
        "owner": "oxalica",
        "repo": "nixos-config",
        "type": "github"
      }
    },
    "pre-commit-hooks-nix": {
      "flake": false,
      "locked": {
        "lastModified": 1603721622,
        "narHash": "sha256-tUgyf5eYK5+0A/dvLzbbm4W7icxbpORuFMXiFe5yz+I=",
        "owner": "cachix",
        "repo": "pre-commit-hooks.nix",
        "rev": "efdbd6d28f7f44db3d9f8cf0e0b4cb9db0d259e1",
        "type": "github"
      },
      "original": {
        "owner": "cachix",
        "repo": "pre-commit-hooks.nix",
        "type": "github"
      }
    },
    "q2tg": {
      "inputs": {
        "flake-utils": "flake-utils_4",
        "nix2container": "nix2container",
        "nixpkgs": "nixpkgs_7"
      },
      "locked": {
        "lastModified": 1676006948,
        "narHash": "sha256-9ne3gIJGxAOL3b69OJDde71Ct9OtzkE7Ou3ficn2Rnc=",
        "owner": "clansty",
        "repo": "Q2TG",
        "rev": "8678a497eac3afc26c441b9ca2640eb72500c4e9",
        "type": "github"
      },
      "original": {
        "owner": "clansty",
        "repo": "Q2TG",
        "rev": "8678a497eac3afc26c441b9ca2640eb72500c4e9",
        "type": "github"
      }
    },
    "root": {
      "inputs": {
        "darwin": "darwin",
        "deploy-rs": "deploy-rs",
        "hercules-ci": "hercules-ci",
        "home-manager": "home-manager",
        "microsoft-store-sync": "microsoft-store-sync",
        "netease-music-sync": "netease-music-sync",
        "nixpkgs": "nixpkgs_5",
        "nur": "nur_2",
        "q2tg": "q2tg",
        "sauricat": "sauricat",
        "superstar-checkin": "superstar-checkin",
        "xremap-flake": "xremap-flake"
      }
    },
    "rust-overlay": {
      "inputs": {
        "flake-utils": [
          "sauricat",
          "flake-utils"
        ],
        "nixpkgs": [
          "sauricat",
          "nixpkgs"
        ]
      },
      "locked": {
        "lastModified": 1678588194,
        "narHash": "sha256-IYEfP8On6ZFV69mXg2LOYFp8xleyZVJHolunVq+HEbI=",
        "owner": "oxalica",
        "repo": "rust-overlay",
        "rev": "2ffce3e9c3da6c756a7862c7de2f6f9813c02aba",
        "type": "github"
      },
      "original": {
        "owner": "oxalica",
        "repo": "rust-overlay",
        "type": "github"
      }
    },
    "sauricat": {
      "inputs": {
        "berberman": "berberman",
        "emacs-overlay": "emacs-overlay",
        "epkgs-exwm-ns": "epkgs-exwm-ns",
        "epkgs-ligature": "epkgs-ligature",
        "epkgs-toggle-one-window": "epkgs-toggle-one-window",
        "flake-compat": "flake-compat_4",
        "flake-utils": "flake-utils_7",
        "home-manager": "home-manager_2",
        "lsp-nil": "lsp-nil",
        "nixos-cn": "nixos-cn",
        "nixos-guix": "nixos-guix",
        "nixos-hardware": "nixos-hardware_2",
        "nixpkgs": "nixpkgs_8",
        "nixpkgs-master": "nixpkgs-master",
        "oxalica": "oxalica",
        "rust-overlay": "rust-overlay",
        "tree-sitter-nix-oxa": "tree-sitter-nix-oxa"
      },
      "locked": {
        "lastModified": 1681437652,
        "narHash": "sha256-7WW0lELRimxwBZV64VCo37fmUPOGh3orsn9GY5UMPBg=",
        "owner": "sauricat",
        "repo": "flakes",
        "rev": "b874a467c084f375f11912d8d8c0753ce06a1a1f",
        "type": "github"
      },
      "original": {
        "owner": "sauricat",
        "ref": "main",
        "repo": "flakes",
        "type": "github"
      }
    },
    "superstar-checkin": {
      "inputs": {
        "flake-utils": "flake-utils_8",
        "nixpkgs": "nixpkgs_9"
      },
      "locked": {
        "lastModified": 1676091538,
        "narHash": "sha256-nLCTyBY5BvRPstGG0sdh4HNSmvwCCR4AOiB8CNd/ZJM=",
        "owner": "clansty",
        "repo": "superstar-checkin",
        "rev": "1e6b9ed270a90de48905c226e5e72277d4808f77",
        "type": "github"
      },
      "original": {
        "owner": "clansty",
        "repo": "superstar-checkin",
        "type": "github"
      }
    },
    "systems": {
      "locked": {
        "lastModified": 1681028828,
        "narHash": "sha256-Vy1rq5AaRuLzOxct8nz4T6wlgyUR7zLU309k9mBC768=",
        "owner": "nix-systems",
        "repo": "default",
        "rev": "da67096a3b9bf56a91d16901293e51ba5b49a27e",
        "type": "github"
      },
      "original": {
        "owner": "nix-systems",
        "repo": "default",
        "type": "github"
      }
    },
    "tree-sitter-nix-oxa": {
      "flake": false,
      "locked": {
        "lastModified": 1639068943,
        "narHash": "sha256-x2Kq7t0p5AOKIHtEUHMIC6emZNoF9GE2FdKbjEfUp0E=",
        "owner": "oxalica",
        "repo": "tree-sitter-nix",
        "rev": "add8eb3050a0974c1854df419c192fa4f359bcb0",
        "type": "github"
      },
      "original": {
        "owner": "oxalica",
        "repo": "tree-sitter-nix",
        "type": "github"
      }
    },
    "utils": {
      "locked": {
        "lastModified": 1667395993,
        "narHash": "sha256-nuEHfE/LcWyuSWnS8t12N1wc105Qtau+/OdUAjtQ0rA=",
        "owner": "numtide",
        "repo": "flake-utils",
        "rev": "5aed5285a952e0b949eb3ba02c12fa4fcfef535f",
        "type": "github"
      },
      "original": {
        "owner": "numtide",
        "repo": "flake-utils",
        "type": "github"
      }
    },
    "xremap": {
      "flake": false,
      "locked": {
        "lastModified": 1665463087,
        "narHash": "sha256-2ZU33LLOBlabzWvt4GWV+Uut+OJaMuodXax0coqKf6A=",
        "owner": "k0kubun",
        "repo": "xremap",
        "rev": "bfb8604adde570c0396a87e39e5a51523713e593",
        "type": "github"
      },
      "original": {
        "owner": "k0kubun",
        "ref": "v0.7.6",
        "repo": "xremap",
        "type": "github"
      }
    },
    "xremap-flake": {
      "inputs": {
        "naersk": "naersk",
        "nixpkgs": "nixpkgs_11",
        "xremap": "xremap"
      },
      "locked": {
        "lastModified": 1665639396,
        "narHash": "sha256-DI0uS94l6mSiWfRirdwguDLQSZg/4A/FBLPS4P273pU=",
        "owner": "xremap",
        "repo": "nix-flake",
        "rev": "5f3c5668c11d004b2b0d5f6bafdbd70da431b9a0",
        "type": "github"
      },
      "original": {
        "owner": "xremap",
        "repo": "nix-flake",
        "rev": "5f3c5668c11d004b2b0d5f6bafdbd70da431b9a0",
        "type": "github"
      }
    }
  },
  "root": "root",
  "version": 7
}
