{
  "nodes": {
    "berberman": {
      "inputs": {
        "nixpkgs": [
          "sauricat",
          "nixpkgs"
        ],
        "nvfetcher": "nvfetcher"
      },
      "locked": {
        "lastModified": 1662733187,
        "narHash": "sha256-wfdiqt4gpH96K6pAlOQ2oJWgrDJi92/C5nvLzwGh7VU=",
        "owner": "berberman",
        "repo": "flakes",
        "rev": "010fa44e80980e4fec2f458b39ebdc2b61eb84c0",
        "type": "github"
      },
      "original": {
        "owner": "berberman",
        "repo": "flakes",
        "type": "github"
      }
    },
    "darwin": {
      "inputs": {
        "nixpkgs": [
          "nixpkgs"
        ]
      },
      "locked": {
        "lastModified": 1664210064,
        "narHash": "sha256-df6nKVZe/yAhmJ9csirTPahc0dldwm3HBhCVNA6qWr0=",
        "owner": "LnL7",
        "repo": "nix-darwin",
        "rev": "02d2551c927b7d65ded1b3c7cd13da5cc7ae3fcf",
        "type": "github"
      },
      "original": {
        "owner": "LnL7",
        "repo": "nix-darwin",
        "type": "github"
      }
    },
    "emacs-overlay": {
      "inputs": {
        "flake-utils": [
          "sauricat",
          "flake-utils"
        ],
        "nixpkgs": [
          "sauricat",
          "nixpkgs"
        ]
      },
      "locked": {
        "lastModified": 1664015884,
        "narHash": "sha256-U+oc5aF063T7i1NWqy9O+xqkqdAucAtEpBLds5Jb/zU=",
        "owner": "nix-community",
        "repo": "emacs-overlay",
        "rev": "583ad7baf08792c0edce8d6461a2e40be6c11115",
        "type": "github"
      },
      "original": {
        "owner": "nix-community",
        "repo": "emacs-overlay",
        "type": "github"
      }
    },
    "epkgs-exwm-ns": {
      "flake": false,
      "locked": {
        "lastModified": 1604918985,
        "narHash": "sha256-QZCEcpqWZgjppp/P48+DtC4XoR/4UAlXXxJA5FYLoLI=",
        "owner": "timor",
        "repo": "exwm-ns",
        "rev": "0230bb989d5c4c2d5474c35ba77882b65dc19bd9",
        "type": "github"
      },
      "original": {
        "owner": "timor",
        "repo": "exwm-ns",
        "type": "github"
      }
    },
    "epkgs-ligature": {
      "flake": false,
      "locked": {
        "lastModified": 1660566262,
        "narHash": "sha256-o6iL4mwTzfD7JOlWP4Mv27+nRGplcseGjam7WIlHZTc=",
        "owner": "mickeynp",
        "repo": "ligature.el",
        "rev": "5eb950ada991705fdda4456970b0321241ee2bfa",
        "type": "github"
      },
      "original": {
        "owner": "mickeynp",
        "repo": "ligature.el",
        "type": "github"
      }
    },
    "epkgs-toggle-one-window": {
      "flake": false,
      "locked": {
        "lastModified": 1635755644,
        "narHash": "sha256-lSPe7hZ05PZj3Yk6yPYhXTyd5bezhvGuq3Vhnf5mHvk=",
        "owner": "manateelazycat",
        "repo": "toggle-one-window",
        "rev": "8ca741ca6be97c6049043aec6cec2e2bfbca5d19",
        "type": "github"
      },
      "original": {
        "owner": "manateelazycat",
        "repo": "toggle-one-window",
        "type": "github"
      }
    },
    "flake-compat": {
      "flake": false,
      "locked": {
        "lastModified": 1648199409,
        "narHash": "sha256-JwPKdC2PoVBkG6E+eWw3j6BMR6sL3COpYWfif7RVb8Y=",
        "owner": "edolstra",
        "repo": "flake-compat",
        "rev": "64a525ee38886ab9028e6f61790de0832aa3ef03",
        "type": "github"
      },
      "original": {
        "owner": "edolstra",
        "repo": "flake-compat",
        "type": "github"
      }
    },
    "flake-compat_2": {
      "flake": false,
      "locked": {
        "lastModified": 1650374568,
        "narHash": "sha256-Z+s0J8/r907g149rllvwhb4pKi8Wam5ij0st8PwAh+E=",
        "owner": "edolstra",
        "repo": "flake-compat",
        "rev": "b4a34015c698c7793d592d66adbab377907a2be8",
        "type": "github"
      },
      "original": {
        "owner": "edolstra",
        "repo": "flake-compat",
        "type": "github"
      }
    },
    "flake-utils": {
      "locked": {
        "lastModified": 1659877975,
        "narHash": "sha256-zllb8aq3YO3h8B/U0/J1WBgAL8EX5yWf5pMj3G0NAmc=",
        "owner": "numtide",
        "repo": "flake-utils",
        "rev": "c0e246b9b83f637f4681389ecabcb2681b4f3af0",
        "type": "github"
      },
      "original": {
        "owner": "numtide",
        "repo": "flake-utils",
        "type": "github"
      }
    },
    "flake-utils_2": {
      "locked": {
        "lastModified": 1649676176,
        "narHash": "sha256-OWKJratjt2RW151VUlJPRALb7OU2S5s+f0vLj4o1bHM=",
        "owner": "numtide",
        "repo": "flake-utils",
        "rev": "a4b154ebbdc88c8498a5c7b01589addc9e9cb678",
        "type": "github"
      },
      "original": {
        "owner": "numtide",
        "repo": "flake-utils",
        "type": "github"
      }
    },
    "flake-utils_3": {
      "locked": {
        "lastModified": 1659877975,
        "narHash": "sha256-zllb8aq3YO3h8B/U0/J1WBgAL8EX5yWf5pMj3G0NAmc=",
        "owner": "numtide",
        "repo": "flake-utils",
        "rev": "c0e246b9b83f637f4681389ecabcb2681b4f3af0",
        "type": "github"
      },
      "original": {
        "owner": "numtide",
        "repo": "flake-utils",
        "type": "github"
      }
    },
    "flake-utils_4": {
      "locked": {
        "lastModified": 1659877975,
        "narHash": "sha256-zllb8aq3YO3h8B/U0/J1WBgAL8EX5yWf5pMj3G0NAmc=",
        "owner": "numtide",
        "repo": "flake-utils",
        "rev": "c0e246b9b83f637f4681389ecabcb2681b4f3af0",
        "type": "github"
      },
      "original": {
        "owner": "numtide",
        "repo": "flake-utils",
        "type": "github"
      }
    },
    "home-manager": {
      "inputs": {
        "nixpkgs": [
          "nixpkgs"
        ],
        "utils": "utils"
      },
      "locked": {
        "lastModified": 1665271265,
        "narHash": "sha256-4Nn0T5YoR3bBLFnPy6Tkc8zzmzMTBjSGZq05c5hKhEI=",
        "owner": "nix-community",
        "repo": "home-manager",
        "rev": "e1f1160284198a68ea8c7fffbbb1436f99e46ef9",
        "type": "github"
      },
      "original": {
        "owner": "nix-community",
        "repo": "home-manager",
        "type": "github"
      }
    },
    "home-manager_2": {
      "inputs": {
        "nixpkgs": [
          "sauricat",
          "nixpkgs"
        ],
        "utils": [
          "sauricat",
          "flake-utils"
        ]
      },
      "locked": {
        "lastModified": 1663932797,
        "narHash": "sha256-IH8ZBW99W2k7wKLS+Sat9HiKX1TPZjFTnsPizK5crok=",
        "owner": "nix-community",
        "repo": "home-manager",
        "rev": "de3758e31a3a1bc79d569f5deb5dac39791bf9b6",
        "type": "github"
      },
      "original": {
        "owner": "nix-community",
        "repo": "home-manager",
        "type": "github"
      }
    },
    "lsp-nil": {
      "inputs": {
        "flake-utils": [
          "sauricat",
          "flake-utils"
        ],
        "nixpkgs": [
          "sauricat",
          "nixpkgs"
        ],
        "rust-overlay": [
          "sauricat",
          "rust-overlay"
        ]
      },
      "locked": {
        "lastModified": 1664034509,
        "narHash": "sha256-dip+Ynr3Ph3UlHg65x2Z0qKiXpSE3sFqHLjkPQ0/Hl8=",
        "owner": "oxalica",
        "repo": "nil",
        "rev": "193c3239ce9d9fbfec8bec5397e4aafa8e78e4eb",
        "type": "github"
      },
      "original": {
        "owner": "oxalica",
        "repo": "nil",
        "type": "github"
      }
    },
    "naersk": {
      "inputs": {
        "nixpkgs": "nixpkgs_5"
      },
      "locked": {
        "lastModified": 1659610603,
        "narHash": "sha256-LYgASYSPYo7O71WfeUOaEUzYfzuXm8c8eavJcel+pfI=",
        "owner": "nmattia",
        "repo": "naersk",
        "rev": "c6a45e4277fa58abd524681466d3450f896dc094",
        "type": "github"
      },
      "original": {
        "owner": "nmattia",
        "ref": "master",
        "repo": "naersk",
        "type": "github"
      }
    },
    "nixos-cn": {
      "inputs": {
        "flake-utils": [
          "sauricat",
          "flake-utils"
        ],
        "nixpkgs": [
          "sauricat",
          "nixpkgs"
        ]
      },
      "locked": {
        "lastModified": 1663987347,
        "narHash": "sha256-nRwhwGk+aea/R18XevJZTE8Xh3dFEipuXiFWa7g0KzE=",
        "owner": "nixos-cn",
        "repo": "flakes",
        "rev": "e06d50b186f650012f4102996c6acdf67f3df53a",
        "type": "github"
      },
      "original": {
        "owner": "nixos-cn",
        "repo": "flakes",
        "type": "github"
      }
    },
    "nixos-guix": {
      "inputs": {
        "flake-compat": [
          "sauricat",
          "flake-compat"
        ],
        "nixpkgs": [
          "sauricat",
          "nixpkgs"
        ]
      },
      "locked": {
        "lastModified": 1652888914,
        "narHash": "sha256-evmN01g9uL8KJCPKCn/UYNbVE6ba6qQUUoUR7KqmNv0=",
        "owner": "sauricat",
        "repo": "nguix",
        "rev": "200adf4024c299930778431253a202a0ab3fdb5b",
        "type": "github"
      },
      "original": {
        "owner": "sauricat",
        "repo": "nguix",
        "type": "github"
      }
    },
    "nixos-hardware": {
      "locked": {
        "lastModified": 1663229557,
        "narHash": "sha256-1uU4nsDLXKG0AHc/VCsNBAEPkTA/07juYhcEWRb1O1E=",
        "owner": "nixos",
        "repo": "nixos-hardware",
        "rev": "a0df6cd6e199df4a78c833c273781ea92fa62cfb",
        "type": "github"
      },
      "original": {
        "owner": "nixos",
        "ref": "master",
        "repo": "nixos-hardware",
        "type": "github"
      }
    },
    "nixpkgs": {
      "locked": {
        "lastModified": 1665296151,
        "narHash": "sha256-uOB0oxqxN9K7XGF1hcnY+PQnlQJ+3bP2vCn/+Ru/bbc=",
        "owner": "nixos",
        "repo": "nixpkgs",
        "rev": "14ccaaedd95a488dd7ae142757884d8e125b3363",
        "type": "github"
      },
      "original": {
        "owner": "nixos",
        "ref": "nixpkgs-unstable",
        "repo": "nixpkgs",
        "type": "github"
      }
    },
    "nixpkgs-master": {
      "locked": {
        "lastModified": 1664040395,
        "narHash": "sha256-d6baQ3i1ufibrj8UY+xHPYXEg68PEaBP4G+OMbBER34=",
        "owner": "nixos",
        "repo": "nixpkgs",
        "rev": "c5f10e8a7e5cc54ed58bb5466b41db2aa60c190c",
        "type": "github"
      },
      "original": {
        "owner": "nixos",
        "ref": "master",
        "repo": "nixpkgs",
        "type": "github"
      }
    },
    "nixpkgs_2": {
      "locked": {
        "lastModified": 1662818301,
        "narHash": "sha256-uRjbKN924ptf5CvQ4cfki3R9nIm5EhrJBeb/xUxwfcM=",
        "owner": "NixOS",
        "repo": "nixpkgs",
        "rev": "a25f0b9bbdfedee45305da5d1e1410c5bcbd48f6",
        "type": "github"
      },
      "original": {
        "owner": "NixOS",
        "ref": "nixpkgs-unstable",
        "repo": "nixpkgs",
        "type": "github"
      }
    },
    "nixpkgs_3": {
      "locked": {
        "lastModified": 1663850217,
        "narHash": "sha256-tp9nXo1/IdN/xN9m06ryy0QUAEfoN6K56ObM/1QTAjc=",
        "owner": "nixos",
        "repo": "nixpkgs",
        "rev": "ae1dc133ea5f1538d035af41e5ddbc2ebcb67b90",
        "type": "github"
      },
      "original": {
        "owner": "nixos",
        "ref": "nixos-unstable",
        "repo": "nixpkgs",
        "type": "github"
      }
    },
    "nixpkgs_4": {
      "locked": {
        "lastModified": 1662096612,
        "narHash": "sha256-R+Q8l5JuyJryRPdiIaYpO5O3A55rT+/pItBrKcy7LM4=",
        "owner": "NixOS",
        "repo": "nixpkgs",
        "rev": "21de2b973f9fee595a7a1ac4693efff791245c34",
        "type": "github"
      },
      "original": {
        "owner": "NixOS",
        "ref": "nixpkgs-unstable",
        "repo": "nixpkgs",
        "type": "github"
      }
    },
    "nixpkgs_5": {
      "locked": {
        "lastModified": 1661353537,
        "narHash": "sha256-1E2IGPajOsrkR49mM5h55OtYnU0dGyre6gl60NXKITE=",
        "owner": "NixOS",
        "repo": "nixpkgs",
        "rev": "0e304ff0d9db453a4b230e9386418fd974d5804a",
        "type": "github"
      },
      "original": {
        "id": "nixpkgs",
        "type": "indirect"
      }
    },
    "nixpkgs_6": {
      "locked": {
        "lastModified": 1661353537,
        "narHash": "sha256-1E2IGPajOsrkR49mM5h55OtYnU0dGyre6gl60NXKITE=",
        "owner": "NixOS",
        "repo": "nixpkgs",
        "rev": "0e304ff0d9db453a4b230e9386418fd974d5804a",
        "type": "github"
      },
      "original": {
        "owner": "NixOS",
        "ref": "nixpkgs-unstable",
        "repo": "nixpkgs",
        "type": "github"
      }
    },
    "nur": {
      "locked": {
        "lastModified": 1665383489,
        "narHash": "sha256-iC8rqf/AnOAj6q6C06xgk235BQe3HUwoOpnGZON0lAI=",
        "owner": "nix-community",
        "repo": "NUR",
        "rev": "1288804127a95c9bdf86a44848a73a1a79fd47ed",
        "type": "github"
      },
      "original": {
        "owner": "nix-community",
        "repo": "NUR",
        "type": "github"
      }
    },
    "nvfetcher": {
      "inputs": {
        "flake-compat": "flake-compat",
        "flake-utils": "flake-utils_2",
        "nixpkgs": [
          "sauricat",
          "berberman",
          "nixpkgs"
        ]
      },
      "locked": {
        "lastModified": 1654975372,
        "narHash": "sha256-wkNZ16akgKViuZzE/IM+bux4uaJ04KIwUeexH8gBjgw=",
        "owner": "berberman",
        "repo": "nvfetcher",
        "rev": "d4b237c10f14f72f8266b0f658faad822e491e55",
        "type": "github"
      },
      "original": {
        "owner": "berberman",
        "repo": "nvfetcher",
        "type": "github"
      }
    },
    "oxalica": {
      "flake": false,
      "locked": {
        "lastModified": 1663675378,
        "narHash": "sha256-hQ8orU7iH9Y7mO9lBv1UZa4TbmSSOpomR6TzZ3pQVeo=",
        "owner": "oxalica",
        "repo": "nixos-config",
        "rev": "64e317bd9f82c7ff48e1333547c9c4907ee9669b",
        "type": "github"
      },
      "original": {
        "owner": "oxalica",
        "repo": "nixos-config",
        "type": "github"
      }
    },
    "q2tg": {
      "inputs": {
        "flake-utils": "flake-utils",
        "nixpkgs": "nixpkgs_2"
      },
      "locked": {
        "lastModified": 1665556457,
        "narHash": "sha256-Etm6sYgIGEn9iqUiUBqygvHIpaiFvXp9xXWHZuhvCf8=",
        "owner": "clansty",
        "repo": "Q2TG",
        "rev": "82dae9d0306e444495884ab72e6bd87049ad503c",
        "type": "github"
      },
      "original": {
        "owner": "clansty",
        "repo": "Q2TG",
        "type": "github"
      }
    },
    "root": {
      "inputs": {
        "darwin": "darwin",
        "home-manager": "home-manager",
        "nixpkgs": "nixpkgs",
        "nur": "nur",
        "q2tg": "q2tg",
        "sauricat": "sauricat",
        "superstar-checkin": "superstar-checkin",
        "xremap-flake": "xremap-flake"
      }
    },
    "rust-overlay": {
      "inputs": {
        "flake-utils": [
          "sauricat",
          "flake-utils"
        ],
        "nixpkgs": [
          "sauricat",
          "nixpkgs"
        ]
      },
      "locked": {
        "lastModified": 1663988502,
        "narHash": "sha256-HwsSRFWxD9G3PxOjlIARuN/v4TnhK3ZkaVeyVCYrBBE=",
        "owner": "oxalica",
        "repo": "rust-overlay",
        "rev": "6eb90123f46664ffbb550c527f656ba848718af5",
        "type": "github"
      },
      "original": {
        "owner": "oxalica",
        "repo": "rust-overlay",
        "type": "github"
      }
    },
    "sauricat": {
      "inputs": {
        "berberman": "berberman",
        "emacs-overlay": "emacs-overlay",
        "epkgs-exwm-ns": "epkgs-exwm-ns",
        "epkgs-ligature": "epkgs-ligature",
        "epkgs-toggle-one-window": "epkgs-toggle-one-window",
        "flake-compat": "flake-compat_2",
        "flake-utils": "flake-utils_3",
        "home-manager": "home-manager_2",
        "lsp-nil": "lsp-nil",
        "nixos-cn": "nixos-cn",
        "nixos-guix": "nixos-guix",
        "nixos-hardware": "nixos-hardware",
        "nixpkgs": "nixpkgs_3",
        "nixpkgs-master": "nixpkgs-master",
        "oxalica": "oxalica",
        "rust-overlay": "rust-overlay",
        "tree-sitter-nix-oxa": "tree-sitter-nix-oxa"
      },
      "locked": {
        "lastModified": 1664635936,
        "narHash": "sha256-sOLpc0Ws5Bifui8fE5Xf030ttyFYj1NPXQ5MkmBXQwo=",
        "owner": "sauricat",
        "repo": "flakes",
        "rev": "27e7968208e06370b48e5d1cd738e940462d4f46",
        "type": "github"
      },
      "original": {
        "owner": "sauricat",
        "ref": "main",
        "repo": "flakes",
        "type": "github"
      }
    },
    "superstar-checkin": {
      "inputs": {
        "flake-utils": "flake-utils_4",
        "nixpkgs": "nixpkgs_4"
      },
      "locked": {
        "lastModified": 1665546016,
        "narHash": "sha256-zagWStmzVP8mCbp2U81+XgFMSJsliLqEnyjd55iVU3o=",
        "owner": "clansty",
        "repo": "superstar-checkin",
        "rev": "75eb89325abb437cfef8c44035933c138eafa291",
        "type": "github"
      },
      "original": {
        "owner": "clansty",
        "repo": "superstar-checkin",
        "type": "github"
      }
    },
    "tree-sitter-nix-oxa": {
      "flake": false,
      "locked": {
        "lastModified": 1639068943,
        "narHash": "sha256-x2Kq7t0p5AOKIHtEUHMIC6emZNoF9GE2FdKbjEfUp0E=",
        "owner": "oxalica",
        "repo": "tree-sitter-nix",
        "rev": "add8eb3050a0974c1854df419c192fa4f359bcb0",
        "type": "github"
      },
      "original": {
        "owner": "oxalica",
        "repo": "tree-sitter-nix",
        "type": "github"
      }
    },
    "utils": {
      "locked": {
        "lastModified": 1659877975,
        "narHash": "sha256-zllb8aq3YO3h8B/U0/J1WBgAL8EX5yWf5pMj3G0NAmc=",
        "owner": "numtide",
        "repo": "flake-utils",
        "rev": "c0e246b9b83f637f4681389ecabcb2681b4f3af0",
        "type": "github"
      },
      "original": {
        "owner": "numtide",
        "repo": "flake-utils",
        "type": "github"
      }
    },
    "xremap": {
      "flake": false,
      "locked": {
        "lastModified": 1665463087,
        "narHash": "sha256-2ZU33LLOBlabzWvt4GWV+Uut+OJaMuodXax0coqKf6A=",
        "owner": "k0kubun",
        "repo": "xremap",
        "rev": "bfb8604adde570c0396a87e39e5a51523713e593",
        "type": "github"
      },
      "original": {
        "owner": "k0kubun",
        "ref": "v0.7.6",
        "repo": "xremap",
        "type": "github"
      }
    },
    "xremap-flake": {
      "inputs": {
        "naersk": "naersk",
        "nixpkgs": "nixpkgs_6",
        "xremap": "xremap"
      },
      "locked": {
        "lastModified": 1665506637,
        "narHash": "sha256-rtEaSJdVLQaply0uVIt7SjHCnPhoSiXGfkMhjBMrx3g=",
        "owner": "xremap",
        "repo": "nix-flake",
        "rev": "0ea94e4b79b33d28371b4bdbdcb1875200092472",
        "type": "github"
      },
      "original": {
        "owner": "xremap",
        "ref": "aarch64",
        "repo": "nix-flake",
        "type": "github"
      }
    }
  },
  "root": "root",
  "version": 7
}
